// !$*UTF8*$!
{
	archiveVersion = 1;
	classes = {
	};
	objectVersion = 77;
	objects = {

/* Begin PBXBuildFile section */
		A100000000000000000000B1 /* PesolitaWidget.appex in Embed Foundation Extensions */ = {isa = PBXBuildFile; fileRef = A10000000000000000000024 /* PesolitaWidget.appex */; settings = {ATTRIBUTES = (RemoveHeadersOnCopy, ); }; };
		A100000000000000000000B2 /* Pesolita/Resources/CardTemplates in Resources */ = {isa = PBXBuildFile; fileRef = A10000000000000000000026 /* Pesolita/Resources/CardTemplates */; };
		A100000000000000000000B3 /* Pesolita/Resources/brand-mark.png in Resources */ = {isa = PBXBuildFile; fileRef = A10000000000000000000025 /* Pesolita/Resources/brand-mark.png */; };
		A100000000000000000000B4 /* Pesolita/Resources/Fonts/Outfit-Variable.ttf in Resources */ = {isa = PBXBuildFile; fileRef = A10000000000000000000027 /* Pesolita/Resources/Fonts/Outfit-Variable.ttf */; };
/* End PBXBuildFile section */

/* Begin PBXContainerItemProxy section */
		A10000000000000000000041 /* PBXContainerItemProxy */ = {
			isa = PBXContainerItemProxy;
			containerPortal = A10000000000000000000001 /* Project object */;
			proxyType = 1;
			remoteGlobalIDString = A10000000000000000000011;
			remoteInfo = Pesolita;
		};
		A10000000000000000000042 /* PBXContainerItemProxy */ = {
			isa = PBXContainerItemProxy;
			containerPortal = A10000000000000000000001 /* Project object */;
			proxyType = 1;
			remoteGlobalIDString = A10000000000000000000011;
			remoteInfo = Pesolita;
		};
		A10000000000000000000045 /* PBXContainerItemProxy */ = {
			isa = PBXContainerItemProxy;
			containerPortal = A10000000000000000000001 /* Project object */;
			proxyType = 1;
			remoteGlobalIDString = A10000000000000000000014;
			remoteInfo = PesolitaWidget;
		};
/* End PBXContainerItemProxy section */

/* Begin PBXCopyFilesBuildPhase section */
		A10000000000000000000075 /* Embed Foundation Extensions */ = {
			isa = PBXCopyFilesBuildPhase;
			buildActionMask = 2147483647;
			dstPath = "";
			dstSubfolderSpec = 13;
			files = (
				A100000000000000000000B1 /* PesolitaWidget.appex in Embed Foundation Extensions */,
			);
			name = "Embed Foundation Extensions";
			runOnlyForDeploymentPostprocessing = 0;
		};
/* End PBXCopyFilesBuildPhase section */

/* Begin PBXFileReference section */
		A10000000000000000000021 /* Pesolita.app */ = {isa = PBXFileReference; explicitFileType = wrapper.application; includeInIndex = 0; path = Pesolita.app; sourceTree = BUILT_PRODUCTS_DIR; };
		A10000000000000000000022 /* PesolitaTests.xctest */ = {isa = PBXFileReference; explicitFileType = wrapper.cfbundle; includeInIndex = 0; path = PesolitaTests.xctest; sourceTree = BUILT_PRODUCTS_DIR; };
		A10000000000000000000023 /* PesolitaUITests.xctest */ = {isa = PBXFileReference; explicitFileType = wrapper.cfbundle; includeInIndex = 0; path = PesolitaUITests.xctest; sourceTree = BUILT_PRODUCTS_DIR; };
		A10000000000000000000024 /* PesolitaWidget.appex */ = {isa = PBXFileReference; explicitFileType = "wrapper.app-extension"; includeInIndex = 0; path = PesolitaWidget.appex; sourceTree = BUILT_PRODUCTS_DIR; };
		A10000000000000000000025 /* Pesolita/Resources/brand-mark.png */ = {isa = PBXFileReference; lastKnownFileType = image.png; path = "Pesolita/Resources/brand-mark.png"; sourceTree = SOURCE_ROOT; };
		A10000000000000000000026 /* Pesolita/Resources/CardTemplates */ = {isa = PBXFileReference; lastKnownFileType = folder; path = Pesolita/Resources/CardTemplates; sourceTree = SOURCE_ROOT; };
		A10000000000000000000027 /* Pesolita/Resources/Fonts/Outfit-Variable.ttf */ = {isa = PBXFileReference; lastKnownFileType = file; path = "Pesolita/Resources/Fonts/Outfit-Variable.ttf"; sourceTree = SOURCE_ROOT; };
/* End PBXFileReference section */

/* Begin PBXFileSystemSynchronizedBuildFileExceptionSet section */
		A100000000000000000000E1 /* Exceptions for "Pesolita" folder in "Pesolita" target */ = {
			isa = PBXFileSystemSynchronizedBuildFileExceptionSet;
			membershipExceptions = (
				Info.plist,
			);
			target = A10000000000000000000011 /* Pesolita */;
		};
		A100000000000000000000E2 /* Exceptions for "PesolitaWidget" folder in "PesolitaWidget" target */ = {
			isa = PBXFileSystemSynchronizedBuildFileExceptionSet;
			membershipExceptions = (
				Info.plist,
			);
			target = A10000000000000000000014 /* PesolitaWidget */;
		};
/* End PBXFileSystemSynchronizedBuildFileExceptionSet section */

/* Begin PBXFileSystemSynchronizedRootGroup section */
		A10000000000000000000031 /* Pesolita */ = {
			isa = PBXFileSystemSynchronizedRootGroup;
			exceptions = (
				A100000000000000000000E1 /* Exceptions for "Pesolita" folder in "Pesolita" target */,
			);
			path = Pesolita;
			sourceTree = "<group>";
		};
		A10000000000000000000032 /* PesolitaTests */ = {
			isa = PBXFileSystemSynchronizedRootGroup;
			path = PesolitaTests;
			sourceTree = "<group>";
		};
		A10000000000000000000033 /* PesolitaUITests */ = {
			isa = PBXFileSystemSynchronizedRootGroup;
			path = PesolitaUITests;
			sourceTree = "<group>";
		};
		A10000000000000000000034 /* PesolitaWidget */ = {
			isa = PBXFileSystemSynchronizedRootGroup;
			exceptions = (
				A100000000000000000000E2 /* Exceptions for "PesolitaWidget" folder in "PesolitaWidget" target */,
			);
			path = PesolitaWidget;
			sourceTree = "<group>";
		};
/* End PBXFileSystemSynchronizedRootGroup section */

/* Begin PBXFrameworksBuildPhase section */
		A10000000000000000000051 /* Frameworks */ = {
			isa = PBXFrameworksBuildPhase;
			buildActionMask = 2147483647;
			files = (
			);
			runOnlyForDeploymentPostprocessing = 0;
		};
		A10000000000000000000052 /* Frameworks */ = {
			isa = PBXFrameworksBuildPhase;
			buildActionMask = 2147483647;
			files = (
			);
			runOnlyForDeploymentPostprocessing = 0;
		};
		A10000000000000000000053 /* Frameworks */ = {
			isa = PBXFrameworksBuildPhase;
			buildActionMask = 2147483647;
			files = (
			);
			runOnlyForDeploymentPostprocessing = 0;
		};
		A10000000000000000000054 /* Frameworks */ = {
			isa = PBXFrameworksBuildPhase;
			buildActionMask = 2147483647;
			files = (
			);
			runOnlyForDeploymentPostprocessing = 0;
		};
/* End PBXFrameworksBuildPhase section */

/* Begin PBXGroup section */
		A10000000000000000000002 = {
			isa = PBXGroup;
			children = (
				A10000000000000000000031 /* Pesolita */,
				A10000000000000000000034 /* PesolitaWidget */,
				A10000000000000000000032 /* PesolitaTests */,
				A10000000000000000000033 /* PesolitaUITests */,
				A10000000000000000000004 /* Widget Resources */,
				A10000000000000000000003 /* Products */,
			);
			sourceTree = "<group>";
		};
		A10000000000000000000003 /* Products */ = {
			isa = PBXGroup;
			children = (
				A10000000000000000000021 /* Pesolita.app */,
				A10000000000000000000022 /* PesolitaTests.xctest */,
				A10000000000000000000023 /* PesolitaUITests.xctest */,
				A10000000000000000000024 /* PesolitaWidget.appex */,
			);
			name = Products;
			sourceTree = "<group>";
		};
		A10000000000000000000004 /* Widget Resources */ = {
			isa = PBXGroup;
			children = (
				A10000000000000000000026 /* Pesolita/Resources/CardTemplates */,
				A10000000000000000000025 /* Pesolita/Resources/brand-mark.png */,
				A10000000000000000000027 /* Pesolita/Resources/Fonts/Outfit-Variable.ttf */,
			);
			name = "Widget Resources";
			sourceTree = "<group>";
		};
/* End PBXGroup section */

/* Begin PBXNativeTarget section */
		A10000000000000000000011 /* Pesolita */ = {
			isa = PBXNativeTarget;
			buildConfigurationList = A10000000000000000000081 /* Build configuration list for PBXNativeTarget "Pesolita" */;
			buildPhases = (
				A10000000000000000000061 /* Sources */,
				A10000000000000000000051 /* Frameworks */,
				A10000000000000000000071 /* Resources */,
				A10000000000000000000075 /* Embed Foundation Extensions */,
			);
			buildRules = (
			);
			dependencies = (
				A10000000000000000000046 /* PBXTargetDependency */,
			);
			fileSystemSynchronizedGroups = (
				A10000000000000000000031 /* Pesolita */,
			);
			name = Pesolita;
			packageProductDependencies = (
			);
			productName = Pesolita;
			productReference = A10000000000000000000021 /* Pesolita.app */;
			productType = "com.apple.product-type.application";
		};
		A10000000000000000000012 /* PesolitaTests */ = {
			isa = PBXNativeTarget;
			buildConfigurationList = A10000000000000000000082 /* Build configuration list for PBXNativeTarget "PesolitaTests" */;
			buildPhases = (
				A10000000000000000000062 /* Sources */,
				A10000000000000000000052 /* Frameworks */,
				A10000000000000000000072 /* Resources */,
			);
			buildRules = (
			);
			dependencies = (
				A10000000000000000000043 /* PBXTargetDependency */,
			);
			fileSystemSynchronizedGroups = (
				A10000000000000000000032 /* PesolitaTests */,
			);
			name = PesolitaTests;
			packageProductDependencies = (
			);
			productName = PesolitaTests;
			productReference = A10000000000000000000022 /* PesolitaTests.xctest */;
			productType = "com.apple.product-type.bundle.unit-test";
		};
		A10000000000000000000013 /* PesolitaUITests */ = {
			isa = PBXNativeTarget;
			buildConfigurationList = A10000000000000000000083 /* Build configuration list for PBXNativeTarget "PesolitaUITests" */;
			buildPhases = (
				A10000000000000000000063 /* Sources */,
				A10000000000000000000053 /* Frameworks */,
				A10000000000000000000073 /* Resources */,
			);
			buildRules = (
			);
			dependencies = (
				A10000000000000000000044 /* PBXTargetDependency */,
			);
			fileSystemSynchronizedGroups = (
				A10000000000000000000033 /* PesolitaUITests */,
			);
			name = PesolitaUITests;
			packageProductDependencies = (
			);
			productName = PesolitaUITests;
			productReference = A10000000000000000000023 /* PesolitaUITests.xctest */;
			productType = "com.apple.product-type.bundle.ui-testing";
		};
		A10000000000000000000014 /* PesolitaWidget */ = {
			isa = PBXNativeTarget;
			buildConfigurationList = A10000000000000000000084 /* Build configuration list for PBXNativeTarget "PesolitaWidget" */;
			buildPhases = (
				A10000000000000000000064 /* Sources */,
				A10000000000000000000054 /* Frameworks */,
				A10000000000000000000074 /* Resources */,
			);
			buildRules = (
			);
			dependencies = (
			);
			fileSystemSynchronizedGroups = (
				A10000000000000000000034 /* PesolitaWidget */,
			);
			name = PesolitaWidget;
			packageProductDependencies = (
			);
			productName = PesolitaWidget;
			productReference = A10000000000000000000024 /* PesolitaWidget.appex */;
			productType = "com.apple.product-type.app-extension";
		};
/* End PBXNativeTarget section */

/* Begin PBXProject section */
		A10000000000000000000001 /* Project object */ = {
			isa = PBXProject;
			attributes = {
				BuildIndependentTargetsInParallel = 1;
				LastSwiftUpdateCheck = 2660;
				LastUpgradeCheck = 2660;
				TargetAttributes = {
					A10000000000000000000011 = {
						CreatedOnToolsVersion = 26.6;
					};
					A10000000000000000000012 = {
						CreatedOnToolsVersion = 26.6;
						TestTargetID = A10000000000000000000011;
					};
					A10000000000000000000013 = {
						CreatedOnToolsVersion = 26.6;
						TestTargetID = A10000000000000000000011;
					};
					A10000000000000000000014 = {
						CreatedOnToolsVersion = 26.6;
					};
				};
			};
			buildConfigurationList = A10000000000000000000080 /* Build configuration list for PBXProject "Pesolita" */;
			developmentRegion = en;
			hasScannedForEncodings = 0;
			knownRegions = (
				en,
				Base,
			);
			mainGroup = A10000000000000000000002;
			minimizedProjectReferenceProxies = 1;
			preferredProjectObjectVersion = 77;
			productRefGroup = A10000000000000000000003 /* Products */;
			projectDirPath = "";
			projectRoot = "";
			targets = (
				A10000000000000000000011 /* Pesolita */,
				A10000000000000000000014 /* PesolitaWidget */,
				A10000000000000000000012 /* PesolitaTests */,
				A10000000000000000000013 /* PesolitaUITests */,
			);
		};
/* End PBXProject section */

/* Begin PBXResourcesBuildPhase section */
		A10000000000000000000071 /* Resources */ = {
			isa = PBXResourcesBuildPhase;
			buildActionMask = 2147483647;
			files = (
			);
			runOnlyForDeploymentPostprocessing = 0;
		};
		A10000000000000000000072 /* Resources */ = {
			isa = PBXResourcesBuildPhase;
			buildActionMask = 2147483647;
			files = (
			);
			runOnlyForDeploymentPostprocessing = 0;
		};
		A10000000000000000000073 /* Resources */ = {
			isa = PBXResourcesBuildPhase;
			buildActionMask = 2147483647;
			files = (
			);
			runOnlyForDeploymentPostprocessing = 0;
		};
		A10000000000000000000074 /* Resources */ = {
			isa = PBXResourcesBuildPhase;
			buildActionMask = 2147483647;
			files = (
				A100000000000000000000B2 /* Pesolita/Resources/CardTemplates in Resources */,
				A100000000000000000000B3 /* Pesolita/Resources/brand-mark.png in Resources */,
				A100000000000000000000B4 /* Pesolita/Resources/Fonts/Outfit-Variable.ttf in Resources */,
			);
			runOnlyForDeploymentPostprocessing = 0;
		};
/* End PBXResourcesBuildPhase section */

/* Begin PBXSourcesBuildPhase section */
		A10000000000000000000061 /* Sources */ = {
			isa = PBXSourcesBuildPhase;
			buildActionMask = 2147483647;
			files = (
			);
			runOnlyForDeploymentPostprocessing = 0;
		};
		A10000000000000000000062 /* Sources */ = {
			isa = PBXSourcesBuildPhase;
			buildActionMask = 2147483647;
			files = (
			);
			runOnlyForDeploymentPostprocessing = 0;
		};
		A10000000000000000000063 /* Sources */ = {
			isa = PBXSourcesBuildPhase;
			buildActionMask = 2147483647;
			files = (
			);
			runOnlyForDeploymentPostprocessing = 0;
		};
		A10000000000000000000064 /* Sources */ = {
			isa = PBXSourcesBuildPhase;
			buildActionMask = 2147483647;
			files = (
			);
			runOnlyForDeploymentPostprocessing = 0;
		};
/* End PBXSourcesBuildPhase section */

/* Begin PBXTargetDependency section */
		A10000000000000000000043 /* PBXTargetDependency */ = {
			isa = PBXTargetDependency;
			target = A10000000000000000000011 /* Pesolita */;
			targetProxy = A10000000000000000000041 /* PBXContainerItemProxy */;
		};
		A10000000000000000000044 /* PBXTargetDependency */ = {
			isa = PBXTargetDependency;
			target = A10000000000000000000011 /* Pesolita */;
			targetProxy = A10000000000000000000042 /* PBXContainerItemProxy */;
		};
		A10000000000000000000046 /* PBXTargetDependency */ = {
			isa = PBXTargetDependency;
			target = A10000000000000000000014 /* PesolitaWidget */;
			targetProxy = A10000000000000000000045 /* PBXContainerItemProxy */;
		};
/* End PBXTargetDependency section */

/* Begin XCBuildConfiguration section */
		A10000000000000000000090 /* Debug */ = {
			isa = XCBuildConfiguration;
			buildSettings = {
				ALWAYS_SEARCH_USER_PATHS = NO;
				CLANG_ENABLE_MODULES = YES;
				COPY_PHASE_STRIP = NO;
				DEBUG_INFORMATION_FORMAT = dwarf;
				ENABLE_TESTABILITY = YES;
				GCC_C_LANGUAGE_STANDARD = gnu17;
				GCC_OPTIMIZATION_LEVEL = 0;
				IPHONEOS_DEPLOYMENT_TARGET = 18.0;
				ONLY_ACTIVE_ARCH = YES;
				SDKROOT = iphoneos;
				SWIFT_ACTIVE_COMPILATION_CONDITIONS = "DEBUG $(inherited)";
				SWIFT_OPTIMIZATION_LEVEL = "-Onone";
			};
			name = Debug;
		};
		A10000000000000000000091 /* Release */ = {
			isa = XCBuildConfiguration;
			buildSettings = {
				ALWAYS_SEARCH_USER_PATHS = NO;
				CLANG_ENABLE_MODULES = YES;
				DEBUG_INFORMATION_FORMAT = "dwarf-with-dsym";
				ENABLE_NS_ASSERTIONS = NO;
				GCC_C_LANGUAGE_STANDARD = gnu17;
				IPHONEOS_DEPLOYMENT_TARGET = 18.0;
				SDKROOT = iphoneos;
				SWIFT_COMPILATION_MODE = wholemodule;
				VALIDATE_PRODUCT = YES;
			};
			name = Release;
		};
		A10000000000000000000092 /* Debug */ = {
			isa = XCBuildConfiguration;
			buildSettings = {
				ASSETCATALOG_COMPILER_APPICON_NAME = AppIcon;
				CODE_SIGN_ENTITLEMENTS = Pesolita/Pesolita.entitlements;
				CODE_SIGN_STYLE = Automatic;
				CURRENT_PROJECT_VERSION = 2;
				DEVELOPMENT_TEAM = UZMK9VPGZ7;
				ENABLE_PREVIEWS = YES;
				GENERATE_INFOPLIST_FILE = NO;
				INFOPLIST_FILE = Pesolita/Info.plist;
				INFOPLIST_KEY_CFBundleDisplayName = Pesolita;
				INFOPLIST_KEY_LSApplicationCategoryType = "public.app-category.finance";
				INFOPLIST_KEY_UIApplicationSceneManifest_Generation = YES;
				INFOPLIST_KEY_UIApplicationSupportsIndirectInputEvents = YES;
				INFOPLIST_KEY_UILaunchScreen_Generation = YES;
				INFOPLIST_KEY_UISupportedInterfaceOrientations_iPad = "UIInterfaceOrientationPortrait UIInterfaceOrientationPortraitUpsideDown UIInterfaceOrientationLandscapeLeft UIInterfaceOrientationLandscapeRight";
				INFOPLIST_KEY_UISupportedInterfaceOrientations_iPhone = UIInterfaceOrientationPortrait;
				LD_RUNPATH_SEARCH_PATHS = (
					"$(inherited)",
					"@executable_path/Frameworks",
				);
				MARKETING_VERSION = 1.0;
				PRODUCT_BUNDLE_IDENTIFIER = com.pesolita.app;
				PRODUCT_NAME = "$(TARGET_NAME)";
				SWIFT_EMIT_LOC_STRINGS = YES;
				SWIFT_STRICT_CONCURRENCY = complete;
				SWIFT_VERSION = 6.0;
				TARGETED_DEVICE_FAMILY = 1;
			};
			name = Debug;
		};
		A10000000000000000000093 /* Release */ = {
			isa = XCBuildConfiguration;
			buildSettings = {
				ASSETCATALOG_COMPILER_APPICON_NAME = AppIcon;
				CODE_SIGN_ENTITLEMENTS = Pesolita/Pesolita.entitlements;
				CODE_SIGN_STYLE = Automatic;
				CURRENT_PROJECT_VERSION = 2;
				DEVELOPMENT_TEAM = UZMK9VPGZ7;
				ENABLE_PREVIEWS = YES;
				GENERATE_INFOPLIST_FILE = NO;
				INFOPLIST_FILE = Pesolita/Info.plist;
				INFOPLIST_KEY_CFBundleDisplayName = Pesolita;
				INFOPLIST_KEY_LSApplicationCategoryType = "public.app-category.finance";
				INFOPLIST_KEY_UIApplicationSceneManifest_Generation = YES;
				INFOPLIST_KEY_UIApplicationSupportsIndirectInputEvents = YES;
				INFOPLIST_KEY_UILaunchScreen_Generation = YES;
				INFOPLIST_KEY_UISupportedInterfaceOrientations_iPad = "UIInterfaceOrientationPortrait UIInterfaceOrientationPortraitUpsideDown UIInterfaceOrientationLandscapeLeft UIInterfaceOrientationLandscapeRight";
				INFOPLIST_KEY_UISupportedInterfaceOrientations_iPhone = UIInterfaceOrientationPortrait;
				LD_RUNPATH_SEARCH_PATHS = (
					"$(inherited)",
					"@executable_path/Frameworks",
				);
				MARKETING_VERSION = 1.0;
				PRODUCT_BUNDLE_IDENTIFIER = com.pesolita.app;
				PRODUCT_NAME = "$(TARGET_NAME)";
				SWIFT_EMIT_LOC_STRINGS = YES;
				SWIFT_STRICT_CONCURRENCY = complete;
				SWIFT_VERSION = 6.0;
				TARGETED_DEVICE_FAMILY = 1;
			};
			name = Release;
		};
		A10000000000000000000094 /* Debug */ = {
			isa = XCBuildConfiguration;
			buildSettings = {
				BUNDLE_LOADER = "$(TEST_HOST)";
				CODE_SIGN_STYLE = Automatic;
				GENERATE_INFOPLIST_FILE = YES;
				IPHONEOS_DEPLOYMENT_TARGET = 18.0;
				PRODUCT_BUNDLE_IDENTIFIER = com.pesolita.app.tests;
				PRODUCT_NAME = "$(TARGET_NAME)";
				SWIFT_STRICT_CONCURRENCY = complete;
				SWIFT_VERSION = 6.0;
				TARGETED_DEVICE_FAMILY = 1;
				TEST_HOST = "$(BUILT_PRODUCTS_DIR)/Pesolita.app/$(BUNDLE_EXECUTABLE_FOLDER_PATH)/Pesolita";
			};
			name = Debug;
		};
		A10000000000000000000095 /* Release */ = {
			isa = XCBuildConfiguration;
			buildSettings = {
				BUNDLE_LOADER = "$(TEST_HOST)";
				CODE_SIGN_STYLE = Automatic;
				GENERATE_INFOPLIST_FILE = YES;
				IPHONEOS_DEPLOYMENT_TARGET = 18.0;
				PRODUCT_BUNDLE_IDENTIFIER = com.pesolita.app.tests;
				PRODUCT_NAME = "$(TARGET_NAME)";
				SWIFT_STRICT_CONCURRENCY = complete;
				SWIFT_VERSION = 6.0;
				TARGETED_DEVICE_FAMILY = 1;
				TEST_HOST = "$(BUILT_PRODUCTS_DIR)/Pesolita.app/$(BUNDLE_EXECUTABLE_FOLDER_PATH)/Pesolita";
			};
			name = Release;
		};
		A10000000000000000000096 /* Debug */ = {
			isa = XCBuildConfiguration;
			buildSettings = {
				CODE_SIGN_STYLE = Automatic;
				GENERATE_INFOPLIST_FILE = YES;
				IPHONEOS_DEPLOYMENT_TARGET = 18.0;
				PRODUCT_BUNDLE_IDENTIFIER = com.pesolita.app.uitests;
				PRODUCT_NAME = "$(TARGET_NAME)";
				SWIFT_STRICT_CONCURRENCY = complete;
				SWIFT_VERSION = 6.0;
				TARGETED_DEVICE_FAMILY = 1;
				TEST_TARGET_NAME = Pesolita;
			};
			name = Debug;
		};
		A10000000000000000000097 /* Release */ = {
			isa = XCBuildConfiguration;
			buildSettings = {
				CODE_SIGN_STYLE = Automatic;
				GENERATE_INFOPLIST_FILE = YES;
				IPHONEOS_DEPLOYMENT_TARGET = 18.0;
				PRODUCT_BUNDLE_IDENTIFIER = com.pesolita.app.uitests;
				PRODUCT_NAME = "$(TARGET_NAME)";
				SWIFT_STRICT_CONCURRENCY = complete;
				SWIFT_VERSION = 6.0;
				TARGETED_DEVICE_FAMILY = 1;
				TEST_TARGET_NAME = Pesolita;
			};
			name = Release;
		};
		A10000000000000000000098 /* Debug */ = {
			isa = XCBuildConfiguration;
			buildSettings = {
				APPLICATION_EXTENSION_API_ONLY = YES;
				CODE_SIGN_ENTITLEMENTS = PesolitaWidget/PesolitaWidget.entitlements;
				CODE_SIGN_STYLE = Automatic;
				CURRENT_PROJECT_VERSION = 2;
				DEVELOPMENT_TEAM = UZMK9VPGZ7;
				GENERATE_INFOPLIST_FILE = NO;
				INFOPLIST_FILE = PesolitaWidget/Info.plist;
				IPHONEOS_DEPLOYMENT_TARGET = 18.0;
				LD_RUNPATH_SEARCH_PATHS = (
					"$(inherited)",
					"@executable_path/Frameworks",
					"@executable_path/../../Frameworks",
				);
				MARKETING_VERSION = 1.0;
				PRODUCT_BUNDLE_IDENTIFIER = com.pesolita.app.widget;
				PRODUCT_NAME = "$(TARGET_NAME)";
				SKIP_INSTALL = YES;
				SWIFT_EMIT_LOC_STRINGS = YES;
				SWIFT_STRICT_CONCURRENCY = complete;
				SWIFT_VERSION = 6.0;
				TARGETED_DEVICE_FAMILY = 1;
			};
			name = Debug;
		};
		A10000000000000000000099 /* Release */ = {
			isa = XCBuildConfiguration;
			buildSettings = {
				APPLICATION_EXTENSION_API_ONLY = YES;
				CODE_SIGN_ENTITLEMENTS = PesolitaWidget/PesolitaWidget.entitlements;
				CODE_SIGN_STYLE = Automatic;
				CURRENT_PROJECT_VERSION = 2;
				DEVELOPMENT_TEAM = UZMK9VPGZ7;
				GENERATE_INFOPLIST_FILE = NO;
				INFOPLIST_FILE = PesolitaWidget/Info.plist;
				IPHONEOS_DEPLOYMENT_TARGET = 18.0;
				LD_RUNPATH_SEARCH_PATHS = (
					"$(inherited)",
					"@executable_path/Frameworks",
					"@executable_path/../../Frameworks",
				);
				MARKETING_VERSION = 1.0;
				PRODUCT_BUNDLE_IDENTIFIER = com.pesolita.app.widget;
				PRODUCT_NAME = "$(TARGET_NAME)";
				SKIP_INSTALL = YES;
				SWIFT_EMIT_LOC_STRINGS = YES;
				SWIFT_STRICT_CONCURRENCY = complete;
				SWIFT_VERSION = 6.0;
				TARGETED_DEVICE_FAMILY = 1;
			};
			name = Release;
		};
/* End XCBuildConfiguration section */

/* Begin XCConfigurationList section */
		A10000000000000000000080 /* Build configuration list for PBXProject "Pesolita" */ = {
			isa = XCConfigurationList;
			buildConfigurations = (
				A10000000000000000000090 /* Debug */,
				A10000000000000000000091 /* Release */,
			);
			defaultConfigurationIsVisible = 0;
			defaultConfigurationName = Release;
		};
		A10000000000000000000081 /* Build configuration list for PBXNativeTarget "Pesolita" */ = {
			isa = XCConfigurationList;
			buildConfigurations = (
				A10000000000000000000092 /* Debug */,
				A10000000000000000000093 /* Release */,
			);
			defaultConfigurationIsVisible = 0;
			defaultConfigurationName = Release;
		};
		A10000000000000000000082 /* Build configuration list for PBXNativeTarget "PesolitaTests" */ = {
			isa = XCConfigurationList;
			buildConfigurations = (
				A10000000000000000000094 /* Debug */,
				A10000000000000000000095 /* Release */,
			);
			defaultConfigurationIsVisible = 0;
			defaultConfigurationName = Release;
		};
		A10000000000000000000083 /* Build configuration list for PBXNativeTarget "PesolitaUITests" */ = {
			isa = XCConfigurationList;
			buildConfigurations = (
				A10000000000000000000096 /* Debug */,
				A10000000000000000000097 /* Release */,
			);
			defaultConfigurationIsVisible = 0;
			defaultConfigurationName = Release;
		};
		A10000000000000000000084 /* Build configuration list for PBXNativeTarget "PesolitaWidget" */ = {
			isa = XCConfigurationList;
			buildConfigurations = (
				A10000000000000000000098 /* Debug */,
				A10000000000000000000099 /* Release */,
			);
			defaultConfigurationIsVisible = 0;
			defaultConfigurationName = Release;
		};
/* End XCConfigurationList section */
	};
	rootObject = A10000000000000000000001 /* Project object */;
}
